// !$*UTF8*$!
{
	archiveVersion = 1;
	classes = {
	};
	objectVersion = 50;
	objects = {

/* Begin PBXBuildFile section */
		7902A2F0224341140014B4D0 /* ServicesTableViewController.swift in Sources */ = {isa = PBXBuildFile; fileRef = 7902A2EF224341140014B4D0 /* ServicesTableViewController.swift */; };
		7902A2F2224341460014B4D0 /* ServicesTableViewCell.swift in Sources */ = {isa = PBXBuildFile; fileRef = 7902A2F1224341460014B4D0 /* ServicesTableViewCell.swift */; };
		7902A2F4224342CB0014B4D0 /* ServiceList.plist in Resources */ = {isa = PBXBuildFile; fileRef = 7902A2F3224342CB0014B4D0 /* ServiceList.plist */; };
		7902A2F622434FBB0014B4D0 /* ServicesViewController.swift in Sources */ = {isa = PBXBuildFile; fileRef = 7902A2F522434FBB0014B4D0 /* ServicesViewController.swift */; };
		792DDA1C2243B67100B97120 /* AboutUsViewController.swift in Sources */ = {isa = PBXBuildFile; fileRef = 792DDA1B2243B67100B97120 /* AboutUsViewController.swift */; };
		792DDA1F2243BF2500B97120 /* PortfolioCollectionViewCell.swift in Sources */ = {isa = PBXBuildFile; fileRef = 792DDA1E2243BF2500B97120 /* PortfolioCollectionViewCell.swift */; };
		792DDA212243BF4000B97120 /* PortfolioCollectionViewController.swift in Sources */ = {isa = PBXBuildFile; fileRef = 792DDA202243BF4000B97120 /* PortfolioCollectionViewController.swift */; };
		792DDA242243F7E600B97120 /* ContactUsViewController.swift in Sources */ = {isa = PBXBuildFile; fileRef = 792DDA232243F7E600B97120 /* ContactUsViewController.swift */; };
		792DDA272243F8E600B97120 /* MapKit.framework in Frameworks */ = {isa = PBXBuildFile; fileRef = 792DDA262243F8E600B97120 /* MapKit.framework */; };
		798120852242AC21009B7B96 /* AppDelegate.swift in Sources */ = {isa = PBXBuildFile; fileRef = 798120842242AC21009B7B96 /* AppDelegate.swift */; };
		798120872242AC21009B7B96 /* ViewController.swift in Sources */ = {isa = PBXBuildFile; fileRef = 798120862242AC21009B7B96 /* ViewController.swift */; };
		7981208A2242AC21009B7B96 /* Main.storyboard in Resources */ = {isa = PBXBuildFile; fileRef = 798120882242AC21009B7B96 /* Main.storyboard */; };
		7981208C2242AC22009B7B96 /* Assets.xcassets in Resources */ = {isa = PBXBuildFile; fileRef = 7981208B2242AC22009B7B96 /* Assets.xcassets */; };
		7981208F2242AC22009B7B96 /* LaunchScreen.storyboard in Resources */ = {isa = PBXBuildFile; fileRef = 7981208D2242AC22009B7B96 /* LaunchScreen.storyboard */; };
		7981209A2242AC22009B7B96 /* Business_AppTests.swift in Sources */ = {isa = PBXBuildFile; fileRef = 798120992242AC22009B7B96 /* Business_AppTests.swift */; };
		798120A52242AC22009B7B96 /* Business_AppUITests.swift in Sources */ = {isa = PBXBuildFile; fileRef = 798120A42242AC22009B7B96 /* Business_AppUITests.swift */; };
		79DBE8F52245226200D4ED66 /* EmailViewController.swift in Sources */ = {isa = PBXBuildFile; fileRef = 79DBE8F42245226200D4ED66 /* EmailViewController.swift */; };
		79DBE8F72245265A00D4ED66 /* MessageUI.framework in Frameworks */ = {isa = PBXBuildFile; fileRef = 79DBE8F62245265A00D4ED66 /* MessageUI.framework */; };
		79DBE8FA22452C6E00D4ED66 /* SocialTableViewController.swift in Sources */ = {isa = PBXBuildFile; fileRef = 79DBE8F922452C6E00D4ED66 /* SocialTableViewController.swift */; };
		79DBE8FC22452C8400D4ED66 /* SocialTableViewCell.swift in Sources */ = {isa = PBXBuildFile; fileRef = 79DBE8FB22452C8400D4ED66 /* SocialTableViewCell.swift */; };
		79DBE8FE22452D7600D4ED66 /* SocialList.plist in Resources */ = {isa = PBXBuildFile; fileRef = 79DBE8FD22452D7600D4ED66 /* SocialList.plist */; };
		79DBE90022454DE300D4ED66 /* SocialViewController.swift in Sources */ = {isa = PBXBuildFile; fileRef = 79DBE8FF22454DE300D4ED66 /* SocialViewController.swift */; };
		79DBE90222454F1C00D4ED66 /* WebKit.framework in Frameworks */ = {isa = PBXBuildFile; fileRef = 79DBE90122454F1C00D4ED66 /* WebKit.framework */; };
/* End PBXBuildFile section */

/* Begin PBXContainerItemProxy section */
		798120962242AC22009B7B96 /* PBXContainerItemProxy */ = {
			isa = PBXContainerItemProxy;
			containerPortal = 798120792242AC21009B7B96 /* Project object */;
			proxyType = 1;
			remoteGlobalIDString = 798120802242AC21009B7B96;
			remoteInfo = "Business App";
		};
		798120A12242AC22009B7B96 /* PBXContainerItemProxy */ = {
			isa = PBXContainerItemProxy;
			containerPortal = 798120792242AC21009B7B96 /* Project object */;
			proxyType = 1;
			remoteGlobalIDString = 798120802242AC21009B7B96;
			remoteInfo = "Business App";
		};
/* End PBXContainerItemProxy section */

/* Begin PBXFileReference section */
		7902A2EF224341140014B4D0 /* ServicesTableViewController.swift */ = {isa = PBXFileReference; lastKnownFileType = sourcecode.swift; path = ServicesTableViewController.swift; sourceTree = "<group>"; };
		7902A2F1224341460014B4D0 /* ServicesTableViewCell.swift */ = {isa = PBXFileReference; lastKnownFileType = sourcecode.swift; path = ServicesTableViewCell.swift; sourceTree = "<group>"; };
		7902A2F3224342CB0014B4D0 /* ServiceList.plist */ = {isa = PBXFileReference; lastKnownFileType = text.plist.xml; path = ServiceList.plist; sourceTree = "<group>"; };
		7902A2F522434FBB0014B4D0 /* ServicesViewController.swift */ = {isa = PBXFileReference; lastKnownFileType = sourcecode.swift; path = ServicesViewController.swift; sourceTree = "<group>"; };
		792DDA1B2243B67100B97120 /* AboutUsViewController.swift */ = {isa = PBXFileReference; lastKnownFileType = sourcecode.swift; path = AboutUsViewController.swift; sourceTree = "<group>"; };
		792DDA1E2243BF2500B97120 /* PortfolioCollectionViewCell.swift */ = {isa = PBXFileReference; lastKnownFileType = sourcecode.swift; path = PortfolioCollectionViewCell.swift; sourceTree = "<group>"; };
		792DDA202243BF4000B97120 /* PortfolioCollectionViewController.swift */ = {isa = PBXFileReference; lastKnownFileType = sourcecode.swift; path = PortfolioCollectionViewController.swift; sourceTree = "<group>"; };
		792DDA232243F7E600B97120 /* ContactUsViewController.swift */ = {isa = PBXFileReference; lastKnownFileType = sourcecode.swift; path = ContactUsViewController.swift; sourceTree = "<group>"; };
		792DDA262243F8E600B97120 /* MapKit.framework */ = {isa = PBXFileReference; lastKnownFileType = wrapper.framework; name = MapKit.framework; path = System/Library/Frameworks/MapKit.framework; sourceTree = SDKROOT; };
		798120812242AC21009B7B96 /* Business App.app */ = {isa = PBXFileReference; explicitFileType = wrapper.application; includeInIndex = 0; path = "Business App.app"; sourceTree = BUILT_PRODUCTS_DIR; };
		798120842242AC21009B7B96 /* AppDelegate.swift */ = {isa = PBXFileReference; lastKnownFileType = sourcecode.swift; path = AppDelegate.swift; sourceTree = "<group>"; };
		798120862242AC21009B7B96 /* ViewController.swift */ = {isa = PBXFileReference; lastKnownFileType = sourcecode.swift; path = ViewController.swift; sourceTree = "<group>"; };
		798120892242AC21009B7B96 /* Base */ = {isa = PBXFileReference; lastKnownFileType = file.storyboard; name = Base; path = Base.lproj/Main.storyboard; sourceTree = "<group>"; };
		7981208B2242AC22009B7B96 /* Assets.xcassets */ = {isa = PBXFileReference; lastKnownFileType = folder.assetcatalog; path = Assets.xcassets; sourceTree = "<group>"; };
		7981208E2242AC22009B7B96 /* Base */ = {isa = PBXFileReference; lastKnownFileType = file.storyboard; name = Base; path = Base.lproj/LaunchScreen.storyboard; sourceTree = "<group>"; };
		798120902242AC22009B7B96 /* Info.plist */ = {isa = PBXFileReference; lastKnownFileType = text.plist.xml; path = Info.plist; sourceTree = "<group>"; };
		798120952242AC22009B7B96 /* Business AppTests.xctest */ = {isa = PBXFileReference; explicitFileType = wrapper.cfbundle; includeInIndex = 0; path = "Business AppTests.xctest"; sourceTree = BUILT_PRODUCTS_DIR; };
		798120992242AC22009B7B96 /* Business_AppTests.swift */ = {isa = PBXFileReference; lastKnownFileType = sourcecode.swift; path = Business_AppTests.swift; sourceTree = "<group>"; };
		7981209B2242AC22009B7B96 /* Info.plist */ = {isa = PBXFileReference; lastKnownFileType = text.plist.xml; path = Info.plist; sourceTree = "<group>"; };
		798120A02242AC22009B7B96 /* Business AppUITests.xctest */ = {isa = PBXFileReference; explicitFileType = wrapper.cfbundle; includeInIndex = 0; path = "Business AppUITests.xctest"; sourceTree = BUILT_PRODUCTS_DIR; };
		798120A42242AC22009B7B96 /* Business_AppUITests.swift */ = {isa = PBXFileReference; lastKnownFileType = sourcecode.swift; path = Business_AppUITests.swift; sourceTree = "<group>"; };
		798120A62242AC22009B7B96 /* Info.plist */ = {isa = PBXFileReference; lastKnownFileType = text.plist.xml; path = Info.plist; sourceTree = "<group>"; };
		79DBE8F42245226200D4ED66 /* EmailViewController.swift */ = {isa = PBXFileReference; lastKnownFileType = sourcecode.swift; path = EmailViewController.swift; sourceTree = "<group>"; };
		79DBE8F62245265A00D4ED66 /* MessageUI.framework */ = {isa = PBXFileReference; lastKnownFileType = wrapper.framework; name = MessageUI.framework; path = System/Library/Frameworks/MessageUI.framework; sourceTree = SDKROOT; };
		79DBE8F922452C6E00D4ED66 /* SocialTableViewController.swift */ = {isa = PBXFileReference; lastKnownFileType = sourcecode.swift; path = SocialTableViewController.swift; sourceTree = "<group>"; };
		79DBE8FB22452C8400D4ED66 /* SocialTableViewCell.swift */ = {isa = PBXFileReference; lastKnownFileType = sourcecode.swift; path = SocialTableViewCell.swift; sourceTree = "<group>"; };
		79DBE8FD22452D7600D4ED66 /* SocialList.plist */ = {isa = PBXFileReference; lastKnownFileType = text.plist.xml; path = SocialList.plist; sourceTree = "<group>"; };
		79DBE8FF22454DE300D4ED66 /* SocialViewController.swift */ = {isa = PBXFileReference; lastKnownFileType = sourcecode.swift; path = SocialViewController.swift; sourceTree = "<group>"; };
		79DBE90122454F1C00D4ED66 /* WebKit.framework */ = {isa = PBXFileReference; lastKnownFileType = wrapper.framework; name = WebKit.framework; path = System/Library/Frameworks/WebKit.framework; sourceTree = SDKROOT; };
/* End PBXFileReference section */

/* Begin PBXFrameworksBuildPhase section */
		7981207E2242AC21009B7B96 /* Frameworks */ = {
			isa = PBXFrameworksBuildPhase;
			buildActionMask = 2147483647;
			files = (
				79DBE90222454F1C00D4ED66 /* WebKit.framework in Frameworks */,
				79DBE8F72245265A00D4ED66 /* MessageUI.framework in Frameworks */,
				792DDA272243F8E600B97120 /* MapKit.framework in Frameworks */,
			);
			runOnlyForDeploymentPostprocessing = 0;
		};
		798120922242AC22009B7B96 /* Frameworks */ = {
			isa = PBXFrameworksBuildPhase;
			buildActionMask = 2147483647;
			files = (
			);
			runOnlyForDeploymentPostprocessing = 0;
		};
		7981209D2242AC22009B7B96 /* Frameworks */ = {
			isa = PBXFrameworksBuildPhase;
			buildActionMask = 2147483647;
			files = (
			);
			runOnlyForDeploymentPostprocessing = 0;
		};
/* End PBXFrameworksBuildPhase section */

/* Begin PBXGroup section */
		7902A2EE224340DD0014B4D0 /* Services */ = {
			isa = PBXGroup;
			children = (
				7902A2EF224341140014B4D0 /* ServicesTableViewController.swift */,
				7902A2F1224341460014B4D0 /* ServicesTableViewCell.swift */,
				7902A2F522434FBB0014B4D0 /* ServicesViewController.swift */,
				7902A2F3224342CB0014B4D0 /* ServiceList.plist */,
			);
			path = Services;
			sourceTree = "<group>";
		};
		792DDA1A2243B63F00B97120 /* About Us */ = {
			isa = PBXGroup;
			children = (
				792DDA1B2243B67100B97120 /* AboutUsViewController.swift */,
			);
			path = "About Us";
			sourceTree = "<group>";
		};
		792DDA1D2243BCED00B97120 /* Portfolio */ = {
			isa = PBXGroup;
			children = (
				792DDA1E2243BF2500B97120 /* PortfolioCollectionViewCell.swift */,
				792DDA202243BF4000B97120 /* PortfolioCollectionViewController.swift */,
			);
			path = Portfolio;
			sourceTree = "<group>";
		};
		792DDA222243F79900B97120 /* Contact Us */ = {
			isa = PBXGroup;
			children = (
				792DDA232243F7E600B97120 /* ContactUsViewController.swift */,
				79DBE8F42245226200D4ED66 /* EmailViewController.swift */,
			);
			path = "Contact Us";
			sourceTree = "<group>";
		};
		792DDA252243F8E500B97120 /* Frameworks */ = {
			isa = PBXGroup;
			children = (
				79DBE90122454F1C00D4ED66 /* WebKit.framework */,
				79DBE8F62245265A00D4ED66 /* MessageUI.framework */,
				792DDA262243F8E600B97120 /* MapKit.framework */,
			);
			name = Frameworks;
			sourceTree = "<group>";
		};
		798120782242AC21009B7B96 = {
			isa = PBXGroup;
			children = (
				798120832242AC21009B7B96 /* Business App */,
				798120982242AC22009B7B96 /* Business AppTests */,
				798120A32242AC22009B7B96 /* Business AppUITests */,
				798120822242AC21009B7B96 /* Products */,
				792DDA252243F8E500B97120 /* Frameworks */,
			);
			sourceTree = "<group>";
		};
		798120822242AC21009B7B96 /* Products */ = {
			isa = PBXGroup;
			children = (
				798120812242AC21009B7B96 /* Business App.app */,
				798120952242AC22009B7B96 /* Business AppTests.xctest */,
				798120A02242AC22009B7B96 /* Business AppUITests.xctest */,
			);
			name = Products;
			sourceTree = "<group>";
		};
		798120832242AC21009B7B96 /* Business App */ = {
			isa = PBXGroup;
			children = (
				798120862242AC21009B7B96 /* ViewController.swift */,
				7902A2EE224340DD0014B4D0 /* Services */,
				792DDA1A2243B63F00B97120 /* About Us */,
				792DDA1D2243BCED00B97120 /* Portfolio */,
				792DDA222243F79900B97120 /* Contact Us */,
				79DBE8F822452C3800D4ED66 /* Social */,
				798120882242AC21009B7B96 /* Main.storyboard */,
				798120842242AC21009B7B96 /* AppDelegate.swift */,
				7981208B2242AC22009B7B96 /* Assets.xcassets */,
				7981208D2242AC22009B7B96 /* LaunchScreen.storyboard */,
				798120902242AC22009B7B96 /* Info.plist */,
			);
			path = "Business App";
			sourceTree = "<group>";
		};
		798120982242AC22009B7B96 /* Business AppTests */ = {
			isa = PBXGroup;
			children = (
				798120992242AC22009B7B96 /* Business_AppTests.swift */,
				7981209B2242AC22009B7B96 /* Info.plist */,
			);
			path = "Business AppTests";
			sourceTree = "<group>";
		};
		798120A32242AC22009B7B96 /* Business AppUITests */ = {
			isa = PBXGroup;
			children = (
				798120A42242AC22009B7B96 /* Business_AppUITests.swift */,
				798120A62242AC22009B7B96 /* Info.plist */,
			);
			path = "Business AppUITests";
			sourceTree = "<group>";
		};
		79DBE8F822452C3800D4ED66 /* Social */ = {
			isa = PBXGroup;
			children = (
				79DBE8F922452C6E00D4ED66 /* SocialTableViewController.swift */,
				79DBE8FB22452C8400D4ED66 /* SocialTableViewCell.swift */,
				79DBE8FF22454DE300D4ED66 /* SocialViewController.swift */,
				79DBE8FD22452D7600D4ED66 /* SocialList.plist */,
			);
			path = Social;
			sourceTree = "<group>";
		};
/* End PBXGroup section */

/* Begin PBXNativeTarget section */
		798120802242AC21009B7B96 /* Business App */ = {
			isa = PBXNativeTarget;
			buildConfigurationList = 798120A92242AC22009B7B96 /* Build configuration list for PBXNativeTarget "Business App" */;
			buildPhases = (
				7981207D2242AC21009B7B96 /* Sources */,
				7981207E2242AC21009B7B96 /* Frameworks */,
				7981207F2242AC21009B7B96 /* Resources */,
			);
			buildRules = (
			);
			dependencies = (
			);
			name = "Business App";
			productName = "Business App";
			productReference = 798120812242AC21009B7B96 /* Business App.app */;
			productType = "com.apple.product-type.application";
		};
		798120942242AC22009B7B96 /* Business AppTests */ = {
			isa = PBXNativeTarget;
			buildConfigurationList = 798120AC2242AC22009B7B96 /* Build configuration list for PBXNativeTarget "Business AppTests" */;
			buildPhases = (
				798120912242AC22009B7B96 /* Sources */,
				798120922242AC22009B7B96 /* Frameworks */,
				798120932242AC22009B7B96 /* Resources */,
			);
			buildRules = (
			);
			dependencies = (
				798120972242AC22009B7B96 /* PBXTargetDependency */,
			);
			name = "Business AppTests";
			productName = "Business AppTests";
			productReference = 798120952242AC22009B7B96 /* Business AppTests.xctest */;
			productType = "com.apple.product-type.bundle.unit-test";
		};
		7981209F2242AC22009B7B96 /* Business AppUITests */ = {
			isa = PBXNativeTarget;
			buildConfigurationList = 798120AF2242AC22009B7B96 /* Build configuration list for PBXNativeTarget "Business AppUITests" */;
			buildPhases = (
				7981209C2242AC22009B7B96 /* Sources */,
				7981209D2242AC22009B7B96 /* Frameworks */,
				7981209E2242AC22009B7B96 /* Resources */,
			);
			buildRules = (
			);
			dependencies = (
				798120A22242AC22009B7B96 /* PBXTargetDependency */,
			);
			name = "Business AppUITests";
			productName = "Business AppUITests";
			productReference = 798120A02242AC22009B7B96 /* Business AppUITests.xctest */;
			productType = "com.apple.product-type.bundle.ui-testing";
		};
/* End PBXNativeTarget section */

/* Begin PBXProject section */
		798120792242AC21009B7B96 /* Project object */ = {
			isa = PBXProject;
			attributes = {
				LastSwiftUpdateCheck = 1010;
				LastUpgradeCheck = 1010;
				ORGANIZATIONNAME = Pramodya;
				TargetAttributes = {
					798120802242AC21009B7B96 = {
						CreatedOnToolsVersion = 10.1;
					};
					798120942242AC22009B7B96 = {
						CreatedOnToolsVersion = 10.1;
						TestTargetID = 798120802242AC21009B7B96;
					};
					7981209F2242AC22009B7B96 = {
						CreatedOnToolsVersion = 10.1;
						TestTargetID = 798120802242AC21009B7B96;
					};
				};
			};
			buildConfigurationList = 7981207C2242AC21009B7B96 /* Build configuration list for PBXProject "Business App" */;
			compatibilityVersion = "Xcode 9.3";
			developmentRegion = en;
			hasScannedForEncodings = 0;
			knownRegions = (
				en,
				Base,
			);
			mainGroup = 798120782242AC21009B7B96;
			productRefGroup = 798120822242AC21009B7B96 /* Products */;
			projectDirPath = "";
			projectRoot = "";
			targets = (
				798120802242AC21009B7B96 /* Business App */,
				798120942242AC22009B7B96 /* Business AppTests */,
				7981209F2242AC22009B7B96 /* Business AppUITests */,
			);
		};
/* End PBXProject section */

/* Begin PBXResourcesBuildPhase section */
		7981207F2242AC21009B7B96 /* Resources */ = {
			isa = PBXResourcesBuildPhase;
			buildActionMask = 2147483647;
			files = (
				7902A2F4224342CB0014B4D0 /* ServiceList.plist in Resources */,
				79DBE8FE22452D7600D4ED66 /* SocialList.plist in Resources */,
				7981208F2242AC22009B7B96 /* LaunchScreen.storyboard in Resources */,
				7981208C2242AC22009B7B96 /* Assets.xcassets in Resources */,
				7981208A2242AC21009B7B96 /* Main.storyboard in Resources */,
			);
			runOnlyForDeploymentPostprocessing = 0;
		};
		798120932242AC22009B7B96 /* Resources */ = {
			isa = PBXResourcesBuildPhase;
			buildActionMask = 2147483647;
			files = (
			);
			runOnlyForDeploymentPostprocessing = 0;
		};
		7981209E2242AC22009B7B96 /* Resources */ = {
			isa = PBXResourcesBuildPhase;
			buildActionMask = 2147483647;
			files = (
			);
			runOnlyForDeploymentPostprocessing = 0;
		};
/* End PBXResourcesBuildPhase section */

/* Begin PBXSourcesBuildPhase section */
		7981207D2242AC21009B7B96 /* Sources */ = {
			isa = PBXSourcesBuildPhase;
			buildActionMask = 2147483647;
			files = (
				798120872242AC21009B7B96 /* ViewController.swift in Sources */,
				792DDA1F2243BF2500B97120 /* PortfolioCollectionViewCell.swift in Sources */,
				79DBE90022454DE300D4ED66 /* SocialViewController.swift in Sources */,
				7902A2F2224341460014B4D0 /* ServicesTableViewCell.swift in Sources */,
				792DDA212243BF4000B97120 /* PortfolioCollectionViewController.swift in Sources */,
				7902A2F0224341140014B4D0 /* ServicesTableViewController.swift in Sources */,
				7902A2F622434FBB0014B4D0 /* ServicesViewController.swift in Sources */,
				792DDA1C2243B67100B97120 /* AboutUsViewController.swift in Sources */,
				798120852242AC21009B7B96 /* AppDelegate.swift in Sources */,
				792DDA242243F7E600B97120 /* ContactUsViewController.swift in Sources */,
				79DBE8FA22452C6E00D4ED66 /* SocialTableViewController.swift in Sources */,
				79DBE8FC22452C8400D4ED66 /* SocialTableViewCell.swift in Sources */,
				79DBE8F52245226200D4ED66 /* EmailViewController.swift in Sources */,
			);
			runOnlyForDeploymentPostprocessing = 0;
		};
		798120912242AC22009B7B96 /* Sources */ = {
			isa = PBXSourcesBuildPhase;
			buildActionMask = 2147483647;
			files = (
				7981209A2242AC22009B7B96 /* Business_AppTests.swift in Sources */,
			);
			runOnlyForDeploymentPostprocessing = 0;
		};
		7981209C2242AC22009B7B96 /* Sources */ = {
			isa = PBXSourcesBuildPhase;
			buildActionMask = 2147483647;
			files = (
				798120A52242AC22009B7B96 /* Business_AppUITests.swift in Sources */,
			);
			runOnlyForDeploymentPostprocessing = 0;
		};
/* End PBXSourcesBuildPhase section */

/* Begin PBXTargetDependency section */
		798120972242AC22009B7B96 /* PBXTargetDependency */ = {
			isa = PBXTargetDependency;
			target = 798120802242AC21009B7B96 /* Business App */;
			targetProxy = 798120962242AC22009B7B96 /* PBXContainerItemProxy */;
		};
		798120A22242AC22009B7B96 /* PBXTargetDependency */ = {
			isa = PBXTargetDependency;
			target = 798120802242AC21009B7B96 /* Business App */;
			targetProxy = 798120A12242AC22009B7B96 /* PBXContainerItemProxy */;
		};
/* End PBXTargetDependency section */

/* Begin PBXVariantGroup section */
		798120882242AC21009B7B96 /* Main.storyboard */ = {
			isa = PBXVariantGroup;
			children = (
				798120892242AC21009B7B96 /* Base */,
			);
			name = Main.storyboard;
			sourceTree = "<group>";
		};
		7981208D2242AC22009B7B96 /* LaunchScreen.storyboard */ = {
			isa = PBXVariantGroup;
			children = (
				7981208E2242AC22009B7B96 /* Base */,
			);
			name = LaunchScreen.storyboard;
			sourceTree = "<group>";
		};
/* End PBXVariantGroup section */

/* Begin XCBuildConfiguration section */
		798120A72242AC22009B7B96 /* Debug */ = {
			isa = XCBuildConfiguration;
			buildSettings = {
				ALWAYS_SEARCH_USER_PATHS = NO;
				CLANG_ANALYZER_NONNULL = YES;
				CLANG_ANALYZER_NUMBER_OBJECT_CONVERSION = YES_AGGRESSIVE;
				CLANG_CXX_LANGUAGE_STANDARD = "gnu++14";
				CLANG_CXX_LIBRARY = "libc++";
				CLANG_ENABLE_MODULES = YES;
				CLANG_ENABLE_OBJC_ARC = YES;
				CLANG_ENABLE_OBJC_WEAK = YES;
				CLANG_WARN_BLOCK_CAPTURE_AUTORELEASING = YES;
				CLANG_WARN_BOOL_CONVERSION = YES;
				CLANG_WARN_COMMA = YES;
				CLANG_WARN_CONSTANT_CONVERSION = YES;
				CLANG_WARN_DEPRECATED_OBJC_IMPLEMENTATIONS = YES;
				CLANG_WARN_DIRECT_OBJC_ISA_USAGE = YES_ERROR;
				CLANG_WARN_DOCUMENTATION_COMMENTS = YES;
				CLANG_WARN_EMPTY_BODY = YES;
				CLANG_WARN_ENUM_CONVERSION = YES;
				CLANG_WARN_INFINITE_RECURSION = YES;
				CLANG_WARN_INT_CONVERSION = YES;
				CLANG_WARN_NON_LITERAL_NULL_CONVERSION = YES;
				CLANG_WARN_OBJC_IMPLICIT_RETAIN_SELF = YES;
				CLANG_WARN_OBJC_LITERAL_CONVERSION = YES;
				CLANG_WARN_OBJC_ROOT_CLASS = YES_ERROR;
				CLANG_WARN_RANGE_LOOP_ANALYSIS = YES;
				CLANG_WARN_STRICT_PROTOTYPES = YES;
				CLANG_WARN_SUSPICIOUS_MOVE = YES;
				CLANG_WARN_UNGUARDED_AVAILABILITY = YES_AGGRESSIVE;
				CLANG_WARN_UNREACHABLE_CODE = YES;
				CLANG_WARN__DUPLICATE_METHOD_MATCH = YES;
				CODE_SIGN_IDENTITY = "iPhone Developer";
				COPY_PHASE_STRIP = NO;
				DEBUG_INFORMATION_FORMAT = dwarf;
				ENABLE_STRICT_OBJC_MSGSEND = YES;
				ENABLE_TESTABILITY = YES;
				GCC_C_LANGUAGE_STANDARD = gnu11;
				GCC_DYNAMIC_NO_PIC = NO;
				GCC_NO_COMMON_BLOCKS = YES;
				GCC_OPTIMIZATION_LEVEL = 0;
				GCC_PREPROCESSOR_DEFINITIONS = (
					"DEBUG=1",
					"$(inherited)",
				);
				GCC_WARN_64_TO_32_BIT_CONVERSION = YES;
				GCC_WARN_ABOUT_RETURN_TYPE = YES_ERROR;
				GCC_WARN_UNDECLARED_SELECTOR = YES;
				GCC_WARN_UNINITIALIZED_AUTOS = YES_AGGRESSIVE;
				GCC_WARN_UNUSED_FUNCTION = YES;
				GCC_WARN_UNUSED_VARIABLE = YES;
				IPHONEOS_DEPLOYMENT_TARGET = 12.1;
				MTL_ENABLE_DEBUG_INFO = INCLUDE_SOURCE;
				MTL_FAST_MATH = YES;
				ONLY_ACTIVE_ARCH = YES;
				SDKROOT = iphoneos;
				SWIFT_ACTIVE_COMPILATION_CONDITIONS = DEBUG;
				SWIFT_OPTIMIZATION_LEVEL = "-Onone";
			};
			name = Debug;
		};
		798120A82242AC22009B7B96 /* Release */ = {
			isa = XCBuildConfiguration;
			buildSettings = {
				ALWAYS_SEARCH_USER_PATHS = NO;
				CLANG_ANALYZER_NONNULL = YES;
				CLANG_ANALYZER_NUMBER_OBJECT_CONVERSION = YES_AGGRESSIVE;
				CLANG_CXX_LANGUAGE_STANDARD = "gnu++14";
				CLANG_CXX_LIBRARY = "libc++";
				CLANG_ENABLE_MODULES = YES;
				CLANG_ENABLE_OBJC_ARC = YES;
				CLANG_ENABLE_OBJC_WEAK = YES;
				CLANG_WARN_BLOCK_CAPTURE_AUTORELEASING = YES;
				CLANG_WARN_BOOL_CONVERSION = YES;
				CLANG_WARN_COMMA = YES;
				CLANG_WARN_CONSTANT_CONVERSION = YES;
				CLANG_WARN_DEPRECATED_OBJC_IMPLEMENTATIONS = YES;
				CLANG_WARN_DIRECT_OBJC_ISA_USAGE = YES_ERROR;
				CLANG_WARN_DOCUMENTATION_COMMENTS = YES;
				CLANG_WARN_EMPTY_BODY = YES;
				CLANG_WARN_ENUM_CONVERSION = YES;
				CLANG_WARN_INFINITE_RECURSION = YES;
				CLANG_WARN_INT_CONVERSION = YES;
				CLANG_WARN_NON_LITERAL_NULL_CONVERSION = YES;
				CLANG_WARN_OBJC_IMPLICIT_RETAIN_SELF = YES;
				CLANG_WARN_OBJC_LITERAL_CONVERSION = YES;
				CLANG_WARN_OBJC_ROOT_CLASS = YES_ERROR;
				CLANG_WARN_RANGE_LOOP_ANALYSIS = YES;
				CLANG_WARN_STRICT_PROTOTYPES = YES;
				CLANG_WARN_SUSPICIOUS_MOVE = YES;
				CLANG_WARN_UNGUARDED_AVAILABILITY = YES_AGGRESSIVE;
				CLANG_WARN_UNREACHABLE_CODE = YES;
				CLANG_WARN__DUPLICATE_METHOD_MATCH = YES;
				CODE_SIGN_IDENTITY = "iPhone Developer";
				COPY_PHASE_STRIP = NO;
				DEBUG_INFORMATION_FORMAT = "dwarf-with-dsym";
				ENABLE_NS_ASSERTIONS = NO;
				ENABLE_STRICT_OBJC_MSGSEND = YES;
				GCC_C_LANGUAGE_STANDARD = gnu11;
				GCC_NO_COMMON_BLOCKS = YES;
				GCC_WARN_64_TO_32_BIT_CONVERSION = YES;
				GCC_WARN_ABOUT_RETURN_TYPE = YES_ERROR;
				GCC_WARN_UNDECLARED_SELECTOR = YES;
				GCC_WARN_UNINITIALIZED_AUTOS = YES_AGGRESSIVE;
				GCC_WARN_UNUSED_FUNCTION = YES;
				GCC_WARN_UNUSED_VARIABLE = YES;
				IPHONEOS_DEPLOYMENT_TARGET = 12.1;
				MTL_ENABLE_DEBUG_INFO = NO;
				MTL_FAST_MATH = YES;
				SDKROOT = iphoneos;
				SWIFT_COMPILATION_MODE = wholemodule;
				SWIFT_OPTIMIZATION_LEVEL = "-O";
				VALIDATE_PRODUCT = YES;
			};
			name = Release;
		};
		798120AA2242AC22009B7B96 /* Debug */ = {
			isa = XCBuildConfiguration;
			buildSettings = {
				ASSETCATALOG_COMPILER_APPICON_NAME = AppIcon;
				CODE_SIGN_STYLE = Automatic;
				DEVELOPMENT_TEAM = X2332K5HVA;
				INFOPLIST_FILE = "Business App/Info.plist";
				LD_RUNPATH_SEARCH_PATHS = (
					"$(inherited)",
					"@executable_path/Frameworks",
				);
				PRODUCT_BUNDLE_IDENTIFIER = "com.pramodya.Business-App";
				PRODUCT_NAME = "$(TARGET_NAME)";
				SWIFT_VERSION = 4.2;
				TARGETED_DEVICE_FAMILY = "1,2";
			};
			name = Debug;
		};
		798120AB2242AC22009B7B96 /* Release */ = {
			isa = XCBuildConfiguration;
			buildSettings = {
				ASSETCATALOG_COMPILER_APPICON_NAME = AppIcon;
				CODE_SIGN_STYLE = Automatic;
				DEVELOPMENT_TEAM = X2332K5HVA;
				INFOPLIST_FILE = "Business App/Info.plist";
				LD_RUNPATH_SEARCH_PATHS = (
					"$(inherited)",
					"@executable_path/Frameworks",
				);
				PRODUCT_BUNDLE_IDENTIFIER = "com.pramodya.Business-App";
				PRODUCT_NAME = "$(TARGET_NAME)";
				SWIFT_VERSION = 4.2;
				TARGETED_DEVICE_FAMILY = "1,2";
			};
			name = Release;
		};
		798120AD2242AC22009B7B96 /* Debug */ = {
			isa = XCBuildConfiguration;
			buildSettings = {
				ALWAYS_EMBED_SWIFT_STANDARD_LIBRARIES = YES;
				BUNDLE_LOADER = "$(TEST_HOST)";
				CODE_SIGN_STYLE = Automatic;
				DEVELOPMENT_TEAM = X2332K5HVA;
				INFOPLIST_FILE = "Business AppTests/Info.plist";
				LD_RUNPATH_SEARCH_PATHS = (
					"$(inherited)",
					"@executable_path/Frameworks",
					"@loader_path/Frameworks",
				);
				PRODUCT_BUNDLE_IDENTIFIER = "com.pramodya.Business-AppTests";
				PRODUCT_NAME = "$(TARGET_NAME)";
				SWIFT_VERSION = 4.2;
				TARGETED_DEVICE_FAMILY = "1,2";
				TEST_HOST = "$(BUILT_PRODUCTS_DIR)/Business App.app/Business App";
			};
			name = Debug;
		};
		798120AE2242AC22009B7B96 /* Release */ = {
			isa = XCBuildConfiguration;
			buildSettings = {
				ALWAYS_EMBED_SWIFT_STANDARD_LIBRARIES = YES;
				BUNDLE_LOADER = "$(TEST_HOST)";
				CODE_SIGN_STYLE = Automatic;
				DEVELOPMENT_TEAM = X2332K5HVA;
				INFOPLIST_FILE = "Business AppTests/Info.plist";
				LD_RUNPATH_SEARCH_PATHS = (
					"$(inherited)",
					"@executable_path/Frameworks",
					"@loader_path/Frameworks",
				);
				PRODUCT_BUNDLE_IDENTIFIER = "com.pramodya.Business-AppTests";
				PRODUCT_NAME = "$(TARGET_NAME)";
				SWIFT_VERSION = 4.2;
				TARGETED_DEVICE_FAMILY = "1,2";
				TEST_HOST = "$(BUILT_PRODUCTS_DIR)/Business App.app/Business App";
			};
			name = Release;
		};
		798120B02242AC22009B7B96 /* Debug */ = {
			isa = XCBuildConfiguration;
			buildSettings = {
				ALWAYS_EMBED_SWIFT_STANDARD_LIBRARIES = YES;
				CODE_SIGN_STYLE = Automatic;
				DEVELOPMENT_TEAM = X2332K5HVA;
				INFOPLIST_FILE = "Business AppUITests/Info.plist";
				LD_RUNPATH_SEARCH_PATHS = (
					"$(inherited)",
					"@executable_path/Frameworks",
					"@loader_path/Frameworks",
				);
				PRODUCT_BUNDLE_IDENTIFIER = "com.pramodya.Business-AppUITests";
				PRODUCT_NAME = "$(TARGET_NAME)";
				SWIFT_VERSION = 4.2;
				TARGETED_DEVICE_FAMILY = "1,2";
				TEST_TARGET_NAME = "Business App";
			};
			name = Debug;
		};
		798120B12242AC22009B7B96 /* Release */ = {
			isa = XCBuildConfiguration;
			buildSettings = {
				ALWAYS_EMBED_SWIFT_STANDARD_LIBRARIES = YES;
				CODE_SIGN_STYLE = Automatic;
				DEVELOPMENT_TEAM = X2332K5HVA;
				INFOPLIST_FILE = "Business AppUITests/Info.plist";
				LD_RUNPATH_SEARCH_PATHS = (
					"$(inherited)",
					"@executable_path/Frameworks",
					"@loader_path/Frameworks",
				);
				PRODUCT_BUNDLE_IDENTIFIER = "com.pramodya.Business-AppUITests";
				PRODUCT_NAME = "$(TARGET_NAME)";
				SWIFT_VERSION = 4.2;
				TARGETED_DEVICE_FAMILY = "1,2";
				TEST_TARGET_NAME = "Business App";
			};
			name = Release;
		};
/* End XCBuildConfiguration section */

/* Begin XCConfigurationList section */
		7981207C2242AC21009B7B96 /* Build configuration list for PBXProject "Business App" */ = {
			isa = XCConfigurationList;
			buildConfigurations = (
				798120A72242AC22009B7B96 /* Debug */,
				798120A82242AC22009B7B96 /* Release */,
			);
			defaultConfigurationIsVisible = 0;
			defaultConfigurationName = Release;
		};
		798120A92242AC22009B7B96 /* Build configuration list for PBXNativeTarget "Business App" */ = {
			isa = XCConfigurationList;
			buildConfigurations = (
				798120AA2242AC22009B7B96 /* Debug */,
				798120AB2242AC22009B7B96 /* Release */,
			);
			defaultConfigurationIsVisible = 0;
			defaultConfigurationName = Release;
		};
		798120AC2242AC22009B7B96 /* Build configuration list for PBXNativeTarget "Business AppTests" */ = {
			isa = XCConfigurationList;
			buildConfigurations = (
				798120AD2242AC22009B7B96 /* Debug */,
				798120AE2242AC22009B7B96 /* Release */,
			);
			defaultConfigurationIsVisible = 0;
			defaultConfigurationName = Release;
		};
		798120AF2242AC22009B7B96 /* Build configuration list for PBXNativeTarget "Business AppUITests" */ = {
			isa = XCConfigurationList;
			buildConfigurations = (
				798120B02242AC22009B7B96 /* Debug */,
				798120B12242AC22009B7B96 /* Release */,
			);
			defaultConfigurationIsVisible = 0;
			defaultConfigurationName = Release;
		};
/* End XCConfigurationList section */
	};
	rootObject = 798120792242AC21009B7B96 /* Project object */;
}
